
Microsoft Visual Studio Solution File, Format Version 12.00
# Visual Studio Version 17
VisualStudioVersion = 17.5.33424.131
MinimumVisualStudioVersion = 10.0.40219.1
Project("{FAE04EC0-301F-11D3-BF4B-00C04F79EFBC}") = "BFF.Web", "BFF.Web\BFF.Web.csproj", "{4A5BF87E-BB38-4E3A-91E8-F805FB778D9E}"
EndProject
Project("{FAE04EC0-301F-11D3-BF4B-00C04F79EFBC}") = "LocationA.API", "LocationA.API\LocationA.API.csproj", "{FFF1AE34-864D-4918-AD34-83759B52873F}"
EndProject
Project("{FAE04EC0-301F-11D3-BF4B-00C04F79EFBC}") = "LocationB.API", "LocationB.API\LocationB.API.csproj", "{9EA8255E-8D1D-4A92-80A1-B4BC05BA84C2}"
EndProject
Global
	GlobalSection(SolutionConfigurationPlatforms) = preSolution
		Debug|Any CPU = Debug|Any CPU
		Release|Any CPU = Release|Any CPU
	EndGlobalSection
	GlobalSection(ProjectConfigurationPlatforms) = postSolution
		{4A5BF87E-BB38-4E3A-91E8-F805FB778D9E}.Debug|Any CPU.ActiveCfg = Debug|Any CPU
		{4A5BF87E-BB38-4E3A-91E8-F805FB778D9E}.Debug|Any CPU.Build.0 = Debug|Any CPU
		{4A5BF87E-BB38-4E3A-91E8-F805FB778D9E}.Release|Any CPU.ActiveCfg = Release|Any CPU
		{4A5BF87E-BB38-4E3A-91E8-F805FB778D9E}.Release|Any CPU.Build.0 = Release|Any CPU
		{FFF1AE34-864D-4918-AD34-83759B52873F}.Debug|Any CPU.ActiveCfg = Debug|Any CPU
		{FFF1AE34-864D-4918-AD34-83759B52873F}.Debug|Any CPU.Build.0 = Debug|Any CPU
		{FFF1AE34-864D-4918-AD34-83759B52873F}.Release|Any CPU.ActiveCfg = Release|Any CPU
		{FFF1AE34-864D-4918-AD34-83759B52873F}.Release|Any CPU.Build.0 = Release|Any CPU
		{9EA8255E-8D1D-4A92-80A1-B4BC05BA84C2}.Debug|Any CPU.ActiveCfg = Debug|Any CPU
		{9EA8255E-8D1D-4A92-80A1-B4BC05BA84C2}.Debug|Any CPU.Build.0 = Debug|Any CPU
		{9EA8255E-8D1D-4A92-80A1-B4BC05BA84C2}.Release|Any CPU.ActiveCfg = Release|Any CPU
		{9EA8255E-8D1D-4A92-80A1-B4BC05BA84C2}.Release|Any CPU.Build.0 = Release|Any CPU
	EndGlobalSection
	GlobalSection(SolutionProperties) = preSolution
		HideSolutionNode = FALSE
	EndGlobalSection
	GlobalSection(ExtensibilityGlobals) = postSolution
		SolutionGuid = {F6EE350D-B855-44C9-856A-87DDF659EA26}
	EndGlobalSection
EndGlobal
